PODS:
  - Alamofire (5.5.0)
  - Realm (10.25.2):
    - Realm/Headers (= 10.25.2)
  - Realm/Headers (10.25.2)
  - RealmSwift (10.25.2):
    - Realm (= 10.25.2)
  - SwiftLint (0.46.3)

DEPENDENCIES:
  - Alamofire (= 5.5.0)
  - RealmSwift (= 10.25.2)
  - SwiftLint (= 0.46.3)

SPEC REPOS:
  trunk:
    - Alamofire
    - Realm
    - RealmSwift
    - SwiftLint

SPEC CHECKSUMS:
  Alamofire: 1c4fb5369c3fe93d2857c780d8bbe09f06f97e7c
  Realm: 978303663d0509166498f423d112e5ee97d4c91b
  RealmSwift: a0c30c1efc49e928a0a6f8fb141bb2629616d79b
  SwiftLint: ae76d82f056734f853c8cd0371503252c606c482

PODFILE CHECKSUM: 694297fc36c5a6973287b2a4f69b6b226a4335b4

COCOAPODS: 1.11.3
