// !$*UTF8*$!
{
	archiveVersion = 1;
	classes = {
	};
	objectVersion = 55;
	objects = {

/* Begin PBXBuildFile section */
		472EBE4B27BFDD2E007C136B /* AppErrors.swift in Sources */ = {isa = PBXBuildFile; fileRef = 472EBE4A27BFDD2E007C136B /* AppErrors.swift */; };
		4740920D27BD016900BD5BF4 /* AlamofireServiceProvider.swift in Sources */ = {isa = PBXBuildFile; fileRef = 4740920C27BD016900BD5BF4 /* AlamofireServiceProvider.swift */; };
		4740920F27BD390B00BD5BF4 /* LoginService.swift in Sources */ = {isa = PBXBuildFile; fileRef = 4740920E27BD390B00BD5BF4 /* LoginService.swift */; };
		4740921127BD3A7300BD5BF4 /* UserStorage.swift in Sources */ = {isa = PBXBuildFile; fileRef = 4740921027BD3A7300BD5BF4 /* UserStorage.swift */; };
		4740921327BD3AC300BD5BF4 /* BaseRepositoryProtocols.swift in Sources */ = {isa = PBXBuildFile; fileRef = 4740921227BD3AC300BD5BF4 /* BaseRepositoryProtocols.swift */; };
		4740921527BD3ADD00BD5BF4 /* BaseStorageProtocols.swift in Sources */ = {isa = PBXBuildFile; fileRef = 4740921427BD3ADD00BD5BF4 /* BaseStorageProtocols.swift */; };
		4740921727BD5D3700BD5BF4 /* Envoirnment.swift in Sources */ = {isa = PBXBuildFile; fileRef = 4740921627BD5D3700BD5BF4 /* Envoirnment.swift */; };
		4740921A27BD5E8400BD5BF4 /* BaseDatabaseStorage.swift in Sources */ = {isa = PBXBuildFile; fileRef = 4740921927BD5E8400BD5BF4 /* BaseDatabaseStorage.swift */; };
		4740921C27BD64FC00BD5BF4 /* RealmContextManager.swift in Sources */ = {isa = PBXBuildFile; fileRef = 4740921B27BD64FC00BD5BF4 /* RealmContextManager.swift */; };
		4740921E27BE48B800BD5BF4 /* StringExtensions.swift in Sources */ = {isa = PBXBuildFile; fileRef = 4740921D27BE48B800BD5BF4 /* StringExtensions.swift */; };
		4740922227BE48FD00BD5BF4 /* NetworkError.swift in Sources */ = {isa = PBXBuildFile; fileRef = 4740922127BE48FD00BD5BF4 /* NetworkError.swift */; };
		4740922627BE49CA00BD5BF4 /* UserResponse.swift in Sources */ = {isa = PBXBuildFile; fileRef = 4740922327BE49CA00BD5BF4 /* UserResponse.swift */; };
		4740922727BE49CA00BD5BF4 /* User.swift in Sources */ = {isa = PBXBuildFile; fileRef = 4740922427BE49CA00BD5BF4 /* User.swift */; };
		4740922827BE49CA00BD5BF4 /* Support.swift in Sources */ = {isa = PBXBuildFile; fileRef = 4740922527BE49CA00BD5BF4 /* Support.swift */; };
		4740922B27BE4BC400BD5BF4 /* CodableExtension.swift in Sources */ = {isa = PBXBuildFile; fileRef = 4740922A27BE4BC400BD5BF4 /* CodableExtension.swift */; };
		4756C1A727BBD4D2005350E7 /* SwiftUIBootstrapApp.swift in Sources */ = {isa = PBXBuildFile; fileRef = 4756C1A627BBD4D2005350E7 /* SwiftUIBootstrapApp.swift */; };
		4756C1AB27BBD4D6005350E7 /* Assets.xcassets in Resources */ = {isa = PBXBuildFile; fileRef = 4756C1AA27BBD4D6005350E7 /* Assets.xcassets */; };
		4756C1AE27BBD4D6005350E7 /* Preview Assets.xcassets in Resources */ = {isa = PBXBuildFile; fileRef = 4756C1AD27BBD4D6005350E7 /* Preview Assets.xcassets */; };
		4756C1B827BBD4D6005350E7 /* SwiftUIBootstrapTests.swift in Sources */ = {isa = PBXBuildFile; fileRef = 4756C1B727BBD4D6005350E7 /* SwiftUIBootstrapTests.swift */; };
		4756C1C227BBD4D6005350E7 /* SwiftUIBootstrapUITests.swift in Sources */ = {isa = PBXBuildFile; fileRef = 4756C1C127BBD4D6005350E7 /* SwiftUIBootstrapUITests.swift */; };
		4756C1C427BBD4D6005350E7 /* SwiftUIBootstrapUITestsLaunchTests.swift in Sources */ = {isa = PBXBuildFile; fileRef = 4756C1C327BBD4D6005350E7 /* SwiftUIBootstrapUITestsLaunchTests.swift */; };
		47E8C33E27BC1597005E2315 /* LoginView.swift in Sources */ = {isa = PBXBuildFile; fileRef = 47E8C33D27BC1597005E2315 /* LoginView.swift */; };
		47E8C34027BC19A7005E2315 /* AppDelegate.swift in Sources */ = {isa = PBXBuildFile; fileRef = 47E8C33F27BC19A7005E2315 /* AppDelegate.swift */; };
		47E8C34327BC1A23005E2315 /* LoginViewModel.swift in Sources */ = {isa = PBXBuildFile; fileRef = 47E8C34227BC1A23005E2315 /* LoginViewModel.swift */; };
		47E8C34627BC1A3B005E2315 /* LoginRepository.swift in Sources */ = {isa = PBXBuildFile; fileRef = 47E8C34527BC1A3B005E2315 /* LoginRepository.swift */; };
		47E8C34927BC1AAB005E2315 /* BaseNetworkProtocols.swift in Sources */ = {isa = PBXBuildFile; fileRef = 47E8C34827BC1AAB005E2315 /* BaseNetworkProtocols.swift */; };
		53FE863E75080A35FDD81E4D /* Pods_SwiftUIBootstrapTests.framework in Frameworks */ = {isa = PBXBuildFile; fileRef = 2D31D68837B0AB172E9D0206 /* Pods_SwiftUIBootstrapTests.framework */; };
		75EC5A44FC8225F7C89AA42C /* Pods_SwiftUIBootstrap_SwiftUIBootstrapUITests.framework in Frameworks */ = {isa = PBXBuildFile; fileRef = 73E31B0EA1ACD04D0CC9ABE9 /* Pods_SwiftUIBootstrap_SwiftUIBootstrapUITests.framework */; };
		88D4111627BF954500B566A1 /* Strings.swift in Sources */ = {isa = PBXBuildFile; fileRef = 88D4111527BF954400B566A1 /* Strings.swift */; };
		88D4113427BFF85300B566A1 /* ScheduleView.swift in Sources */ = {isa = PBXBuildFile; fileRef = 88D4112B27BFF85300B566A1 /* ScheduleView.swift */; };
		88D4113527BFF85300B566A1 /* AccountView.swift in Sources */ = {isa = PBXBuildFile; fileRef = 88D4112D27BFF85300B566A1 /* AccountView.swift */; };
		88D4113627BFF85300B566A1 /* TabbarView.swift in Sources */ = {isa = PBXBuildFile; fileRef = 88D4112F27BFF85300B566A1 /* TabbarView.swift */; };
		88D4113727BFF85300B566A1 /* ApprovedEmailView.swift in Sources */ = {isa = PBXBuildFile; fileRef = 88D4113127BFF85300B566A1 /* ApprovedEmailView.swift */; };
		88D4113827BFF85300B566A1 /* OrganizationView.swift in Sources */ = {isa = PBXBuildFile; fileRef = 88D4113327BFF85300B566A1 /* OrganizationView.swift */; };
		88D4113B27C36C9400B566A1 /* HiddenNavigationBar.swift in Sources */ = {isa = PBXBuildFile; fileRef = 88D4113A27C36C9400B566A1 /* HiddenNavigationBar.swift */; };
		E974C83B6A63578C9615F2D7 /* Pods_SwiftUIBootstrap.framework in Frameworks */ = {isa = PBXBuildFile; fileRef = E4C9949EA998ED10A8C5BB73 /* Pods_SwiftUIBootstrap.framework */; };
/* End PBXBuildFile section */

/* Begin PBXContainerItemProxy section */
		4756C1B427BBD4D6005350E7 /* PBXContainerItemProxy */ = {
			isa = PBXContainerItemProxy;
			containerPortal = 4756C19B27BBD4D1005350E7 /* Project object */;
			proxyType = 1;
			remoteGlobalIDString = 4756C1A227BBD4D2005350E7;
			remoteInfo = SwiftUIBootstrap;
		};
		4756C1BE27BBD4D6005350E7 /* PBXContainerItemProxy */ = {
			isa = PBXContainerItemProxy;
			containerPortal = 4756C19B27BBD4D1005350E7 /* Project object */;
			proxyType = 1;
			remoteGlobalIDString = 4756C1A227BBD4D2005350E7;
			remoteInfo = SwiftUIBootstrap;
		};
/* End PBXContainerItemProxy section */

/* Begin PBXFileReference section */
		28F3AD3B58D2A56A644AD5E1 /* Pods-SwiftUIBootstrapTests.release.xcconfig */ = {isa = PBXFileReference; includeInIndex = 1; lastKnownFileType = text.xcconfig; name = "Pods-SwiftUIBootstrapTests.release.xcconfig"; path = "Target Support Files/Pods-SwiftUIBootstrapTests/Pods-SwiftUIBootstrapTests.release.xcconfig"; sourceTree = "<group>"; };
		2D31D68837B0AB172E9D0206 /* Pods_SwiftUIBootstrapTests.framework */ = {isa = PBXFileReference; explicitFileType = wrapper.framework; includeInIndex = 0; path = Pods_SwiftUIBootstrapTests.framework; sourceTree = BUILT_PRODUCTS_DIR; };
		472EBE4A27BFDD2E007C136B /* AppErrors.swift */ = {isa = PBXFileReference; lastKnownFileType = sourcecode.swift; path = AppErrors.swift; sourceTree = "<group>"; };
		4740920C27BD016900BD5BF4 /* AlamofireServiceProvider.swift */ = {isa = PBXFileReference; lastKnownFileType = sourcecode.swift; path = AlamofireServiceProvider.swift; sourceTree = "<group>"; };
		4740920E27BD390B00BD5BF4 /* LoginService.swift */ = {isa = PBXFileReference; lastKnownFileType = sourcecode.swift; path = LoginService.swift; sourceTree = "<group>"; };
		4740921027BD3A7300BD5BF4 /* UserStorage.swift */ = {isa = PBXFileReference; lastKnownFileType = sourcecode.swift; path = UserStorage.swift; sourceTree = "<group>"; };
		4740921227BD3AC300BD5BF4 /* BaseRepositoryProtocols.swift */ = {isa = PBXFileReference; lastKnownFileType = sourcecode.swift; path = BaseRepositoryProtocols.swift; sourceTree = "<group>"; };
		4740921427BD3ADD00BD5BF4 /* BaseStorageProtocols.swift */ = {isa = PBXFileReference; lastKnownFileType = sourcecode.swift; path = BaseStorageProtocols.swift; sourceTree = "<group>"; };
		4740921627BD5D3700BD5BF4 /* Envoirnment.swift */ = {isa = PBXFileReference; lastKnownFileType = sourcecode.swift; path = Envoirnment.swift; sourceTree = "<group>"; };
		4740921927BD5E8400BD5BF4 /* BaseDatabaseStorage.swift */ = {isa = PBXFileReference; lastKnownFileType = sourcecode.swift; path = BaseDatabaseStorage.swift; sourceTree = "<group>"; };
		4740921B27BD64FC00BD5BF4 /* RealmContextManager.swift */ = {isa = PBXFileReference; lastKnownFileType = sourcecode.swift; path = RealmContextManager.swift; sourceTree = "<group>"; };
		4740921D27BE48B800BD5BF4 /* StringExtensions.swift */ = {isa = PBXFileReference; lastKnownFileType = sourcecode.swift; path = StringExtensions.swift; sourceTree = "<group>"; };
		4740922127BE48FD00BD5BF4 /* NetworkError.swift */ = {isa = PBXFileReference; lastKnownFileType = sourcecode.swift; path = NetworkError.swift; sourceTree = "<group>"; };
		4740922327BE49CA00BD5BF4 /* UserResponse.swift */ = {isa = PBXFileReference; fileEncoding = 4; lastKnownFileType = sourcecode.swift; path = UserResponse.swift; sourceTree = "<group>"; };
		4740922427BE49CA00BD5BF4 /* User.swift */ = {isa = PBXFileReference; fileEncoding = 4; lastKnownFileType = sourcecode.swift; path = User.swift; sourceTree = "<group>"; };
		4740922527BE49CA00BD5BF4 /* Support.swift */ = {isa = PBXFileReference; fileEncoding = 4; lastKnownFileType = sourcecode.swift; path = Support.swift; sourceTree = "<group>"; };
		4740922A27BE4BC400BD5BF4 /* CodableExtension.swift */ = {isa = PBXFileReference; lastKnownFileType = sourcecode.swift; path = CodableExtension.swift; sourceTree = "<group>"; };
		4756C1A327BBD4D2005350E7 /* SwiftUIBootstrap.app */ = {isa = PBXFileReference; explicitFileType = wrapper.application; includeInIndex = 0; path = SwiftUIBootstrap.app; sourceTree = BUILT_PRODUCTS_DIR; };
		4756C1A627BBD4D2005350E7 /* SwiftUIBootstrapApp.swift */ = {isa = PBXFileReference; lastKnownFileType = sourcecode.swift; path = SwiftUIBootstrapApp.swift; sourceTree = "<group>"; };
		4756C1AA27BBD4D6005350E7 /* Assets.xcassets */ = {isa = PBXFileReference; lastKnownFileType = folder.assetcatalog; path = Assets.xcassets; sourceTree = "<group>"; };
		4756C1AD27BBD4D6005350E7 /* Preview Assets.xcassets */ = {isa = PBXFileReference; lastKnownFileType = folder.assetcatalog; path = "Preview Assets.xcassets"; sourceTree = "<group>"; };
		4756C1B327BBD4D6005350E7 /* SwiftUIBootstrapTests.xctest */ = {isa = PBXFileReference; explicitFileType = wrapper.cfbundle; includeInIndex = 0; path = SwiftUIBootstrapTests.xctest; sourceTree = BUILT_PRODUCTS_DIR; };
		4756C1B727BBD4D6005350E7 /* SwiftUIBootstrapTests.swift */ = {isa = PBXFileReference; lastKnownFileType = sourcecode.swift; path = SwiftUIBootstrapTests.swift; sourceTree = "<group>"; };
		4756C1BD27BBD4D6005350E7 /* SwiftUIBootstrapUITests.xctest */ = {isa = PBXFileReference; explicitFileType = wrapper.cfbundle; includeInIndex = 0; path = SwiftUIBootstrapUITests.xctest; sourceTree = BUILT_PRODUCTS_DIR; };
		4756C1C127BBD4D6005350E7 /* SwiftUIBootstrapUITests.swift */ = {isa = PBXFileReference; lastKnownFileType = sourcecode.swift; path = SwiftUIBootstrapUITests.swift; sourceTree = "<group>"; };
		4756C1C327BBD4D6005350E7 /* SwiftUIBootstrapUITestsLaunchTests.swift */ = {isa = PBXFileReference; lastKnownFileType = sourcecode.swift; path = SwiftUIBootstrapUITestsLaunchTests.swift; sourceTree = "<group>"; };
		47E8C33D27BC1597005E2315 /* LoginView.swift */ = {isa = PBXFileReference; lastKnownFileType = sourcecode.swift; path = LoginView.swift; sourceTree = "<group>"; };
		47E8C33F27BC19A7005E2315 /* AppDelegate.swift */ = {isa = PBXFileReference; lastKnownFileType = sourcecode.swift; path = AppDelegate.swift; sourceTree = "<group>"; };
		47E8C34227BC1A23005E2315 /* LoginViewModel.swift */ = {isa = PBXFileReference; lastKnownFileType = sourcecode.swift; path = LoginViewModel.swift; sourceTree = "<group>"; };
		47E8C34527BC1A3B005E2315 /* LoginRepository.swift */ = {isa = PBXFileReference; lastKnownFileType = sourcecode.swift; path = LoginRepository.swift; sourceTree = "<group>"; };
		47E8C34827BC1AAB005E2315 /* BaseNetworkProtocols.swift */ = {isa = PBXFileReference; lastKnownFileType = sourcecode.swift; path = BaseNetworkProtocols.swift; sourceTree = "<group>"; };
		73E31B0EA1ACD04D0CC9ABE9 /* Pods_SwiftUIBootstrap_SwiftUIBootstrapUITests.framework */ = {isa = PBXFileReference; explicitFileType = wrapper.framework; includeInIndex = 0; path = Pods_SwiftUIBootstrap_SwiftUIBootstrapUITests.framework; sourceTree = BUILT_PRODUCTS_DIR; };
		88D4111527BF954400B566A1 /* Strings.swift */ = {isa = PBXFileReference; lastKnownFileType = sourcecode.swift; path = Strings.swift; sourceTree = "<group>"; };
		88D4112B27BFF85300B566A1 /* ScheduleView.swift */ = {isa = PBXFileReference; fileEncoding = 4; lastKnownFileType = sourcecode.swift; path = ScheduleView.swift; sourceTree = "<group>"; };
		88D4112D27BFF85300B566A1 /* AccountView.swift */ = {isa = PBXFileReference; fileEncoding = 4; lastKnownFileType = sourcecode.swift; path = AccountView.swift; sourceTree = "<group>"; };
		88D4112F27BFF85300B566A1 /* TabbarView.swift */ = {isa = PBXFileReference; fileEncoding = 4; lastKnownFileType = sourcecode.swift; path = TabbarView.swift; sourceTree = "<group>"; };
		88D4113127BFF85300B566A1 /* ApprovedEmailView.swift */ = {isa = PBXFileReference; fileEncoding = 4; lastKnownFileType = sourcecode.swift; path = ApprovedEmailView.swift; sourceTree = "<group>"; };
		88D4113327BFF85300B566A1 /* OrganizationView.swift */ = {isa = PBXFileReference; fileEncoding = 4; lastKnownFileType = sourcecode.swift; path = OrganizationView.swift; sourceTree = "<group>"; };
		88D4113A27C36C9400B566A1 /* HiddenNavigationBar.swift */ = {isa = PBXFileReference; lastKnownFileType = sourcecode.swift; path = HiddenNavigationBar.swift; sourceTree = "<group>"; };
		88E5AC6B2820685FE3D6404C /* Pods-SwiftUIBootstrap.release.xcconfig */ = {isa = PBXFileReference; includeInIndex = 1; lastKnownFileType = text.xcconfig; name = "Pods-SwiftUIBootstrap.release.xcconfig"; path = "Target Support Files/Pods-SwiftUIBootstrap/Pods-SwiftUIBootstrap.release.xcconfig"; sourceTree = "<group>"; };
		C7E55D5DD2B5C7C1B33C3E77 /* Pods-SwiftUIBootstrap-SwiftUIBootstrapUITests.debug.xcconfig */ = {isa = PBXFileReference; includeInIndex = 1; lastKnownFileType = text.xcconfig; name = "Pods-SwiftUIBootstrap-SwiftUIBootstrapUITests.debug.xcconfig"; path = "Target Support Files/Pods-SwiftUIBootstrap-SwiftUIBootstrapUITests/Pods-SwiftUIBootstrap-SwiftUIBootstrapUITests.debug.xcconfig"; sourceTree = "<group>"; };
		CB97A91DA44C6A167872DE69 /* Pods-SwiftUIBootstrapTests.debug.xcconfig */ = {isa = PBXFileReference; includeInIndex = 1; lastKnownFileType = text.xcconfig; name = "Pods-SwiftUIBootstrapTests.debug.xcconfig"; path = "Target Support Files/Pods-SwiftUIBootstrapTests/Pods-SwiftUIBootstrapTests.debug.xcconfig"; sourceTree = "<group>"; };
		D07D2D5A81A273034014B2CA /* Pods-SwiftUIBootstrap-SwiftUIBootstrapUITests.release.xcconfig */ = {isa = PBXFileReference; includeInIndex = 1; lastKnownFileType = text.xcconfig; name = "Pods-SwiftUIBootstrap-SwiftUIBootstrapUITests.release.xcconfig"; path = "Target Support Files/Pods-SwiftUIBootstrap-SwiftUIBootstrapUITests/Pods-SwiftUIBootstrap-SwiftUIBootstrapUITests.release.xcconfig"; sourceTree = "<group>"; };
		DC5162D7AE6FAF3CAB81667A /* Pods-SwiftUIBootstrap.debug.xcconfig */ = {isa = PBXFileReference; includeInIndex = 1; lastKnownFileType = text.xcconfig; name = "Pods-SwiftUIBootstrap.debug.xcconfig"; path = "Target Support Files/Pods-SwiftUIBootstrap/Pods-SwiftUIBootstrap.debug.xcconfig"; sourceTree = "<group>"; };
		E4C9949EA998ED10A8C5BB73 /* Pods_SwiftUIBootstrap.framework */ = {isa = PBXFileReference; explicitFileType = wrapper.framework; includeInIndex = 0; path = Pods_SwiftUIBootstrap.framework; sourceTree = BUILT_PRODUCTS_DIR; };
/* End PBXFileReference section */

/* Begin PBXFrameworksBuildPhase section */
		4756C1A027BBD4D2005350E7 /* Frameworks */ = {
			isa = PBXFrameworksBuildPhase;
			buildActionMask = 2147483647;
			files = (
				E974C83B6A63578C9615F2D7 /* Pods_SwiftUIBootstrap.framework in Frameworks */,
			);
			runOnlyForDeploymentPostprocessing = 0;
		};
		4756C1B027BBD4D6005350E7 /* Frameworks */ = {
			isa = PBXFrameworksBuildPhase;
			buildActionMask = 2147483647;
			files = (
				53FE863E75080A35FDD81E4D /* Pods_SwiftUIBootstrapTests.framework in Frameworks */,
			);
			runOnlyForDeploymentPostprocessing = 0;
		};
		4756C1BA27BBD4D6005350E7 /* Frameworks */ = {
			isa = PBXFrameworksBuildPhase;
			buildActionMask = 2147483647;
			files = (
				75EC5A44FC8225F7C89AA42C /* Pods_SwiftUIBootstrap_SwiftUIBootstrapUITests.framework in Frameworks */,
			);
			runOnlyForDeploymentPostprocessing = 0;
		};
/* End PBXFrameworksBuildPhase section */

/* Begin PBXGroup section */
		2A57C83706C6523B304C719C /* Frameworks */ = {
			isa = PBXGroup;
			children = (
				E4C9949EA998ED10A8C5BB73 /* Pods_SwiftUIBootstrap.framework */,
				73E31B0EA1ACD04D0CC9ABE9 /* Pods_SwiftUIBootstrap_SwiftUIBootstrapUITests.framework */,
				2D31D68837B0AB172E9D0206 /* Pods_SwiftUIBootstrapTests.framework */,
			);
			name = Frameworks;
			sourceTree = "<group>";
		};
		2B16B8BD477B192C90C51C4D /* Pods */ = {
			isa = PBXGroup;
			children = (
				DC5162D7AE6FAF3CAB81667A /* Pods-SwiftUIBootstrap.debug.xcconfig */,
				88E5AC6B2820685FE3D6404C /* Pods-SwiftUIBootstrap.release.xcconfig */,
				C7E55D5DD2B5C7C1B33C3E77 /* Pods-SwiftUIBootstrap-SwiftUIBootstrapUITests.debug.xcconfig */,
				D07D2D5A81A273034014B2CA /* Pods-SwiftUIBootstrap-SwiftUIBootstrapUITests.release.xcconfig */,
				CB97A91DA44C6A167872DE69 /* Pods-SwiftUIBootstrapTests.debug.xcconfig */,
				28F3AD3B58D2A56A644AD5E1 /* Pods-SwiftUIBootstrapTests.release.xcconfig */,
			);
			path = Pods;
			sourceTree = "<group>";
		};
		472EBE4C27BFDD32007C136B /* AppError */ = {
			isa = PBXGroup;
			children = (
				472EBE4A27BFDD2E007C136B /* AppErrors.swift */,
			);
			path = AppError;
			sourceTree = "<group>";
		};
		4740921827BD5D4000BD5BF4 /* Configurations */ = {
			isa = PBXGroup;
			children = (
				4740921627BD5D3700BD5BF4 /* Envoirnment.swift */,
			);
			path = Configurations;
			sourceTree = "<group>";
		};
		4740921F27BE48BE00BD5BF4 /* Extensions */ = {
			isa = PBXGroup;
			children = (
				4740921D27BE48B800BD5BF4 /* StringExtensions.swift */,
				4740922A27BE4BC400BD5BF4 /* CodableExtension.swift */,
			);
			path = Extensions;
			sourceTree = "<group>";
		};
		4740922027BE48E200BD5BF4 /* Database */ = {
			isa = PBXGroup;
			children = (
				4740921427BD3ADD00BD5BF4 /* BaseStorageProtocols.swift */,
				4740921227BD3AC300BD5BF4 /* BaseRepositoryProtocols.swift */,
				4740921927BD5E8400BD5BF4 /* BaseDatabaseStorage.swift */,
				4740921B27BD64FC00BD5BF4 /* RealmContextManager.swift */,
			);
			path = Database;
			sourceTree = "<group>";
		};
		4740922927BE49D300BD5BF4 /* Model */ = {
			isa = PBXGroup;
			children = (
				4740922327BE49CA00BD5BF4 /* UserResponse.swift */,
				4740922427BE49CA00BD5BF4 /* User.swift */,
				4740922527BE49CA00BD5BF4 /* Support.swift */,
			);
			path = Model;
			sourceTree = "<group>";
		};
		4756C19A27BBD4D1005350E7 = {
			isa = PBXGroup;
			children = (
				4756C1A527BBD4D2005350E7 /* SwiftUIBootstrap */,
				4756C1B627BBD4D6005350E7 /* SwiftUIBootstrapTests */,
				4756C1C027BBD4D6005350E7 /* SwiftUIBootstrapUITests */,
				4756C1A427BBD4D2005350E7 /* Products */,
				2B16B8BD477B192C90C51C4D /* Pods */,
				2A57C83706C6523B304C719C /* Frameworks */,
			);
			sourceTree = "<group>";
		};
		4756C1A427BBD4D2005350E7 /* Products */ = {
			isa = PBXGroup;
			children = (
				4756C1A327BBD4D2005350E7 /* SwiftUIBootstrap.app */,
				4756C1B327BBD4D6005350E7 /* SwiftUIBootstrapTests.xctest */,
				4756C1BD27BBD4D6005350E7 /* SwiftUIBootstrapUITests.xctest */,
			);
			name = Products;
			sourceTree = "<group>";
		};
		4756C1A527BBD4D2005350E7 /* SwiftUIBootstrap */ = {
			isa = PBXGroup;
			children = (
				4756C1A627BBD4D2005350E7 /* SwiftUIBootstrapApp.swift */,
				47E8C33F27BC19A7005E2315 /* AppDelegate.swift */,
				47E8C34A27BC1AB3005E2315 /* Base */,
				4740921F27BE48BE00BD5BF4 /* Extensions */,
				88D4111427BF952600B566A1 /* Constants */,
				88D4113927C36C4100B566A1 /* CustomViewModifiers */,
				4740921827BD5D4000BD5BF4 /* Configurations */,
				47E8C33B27BC1536005E2315 /* Modules */,
				4756C1AA27BBD4D6005350E7 /* Assets.xcassets */,
				4756C1AC27BBD4D6005350E7 /* Preview Content */,
			);
			path = SwiftUIBootstrap;
			sourceTree = "<group>";
		};
		4756C1AC27BBD4D6005350E7 /* Preview Content */ = {
			isa = PBXGroup;
			children = (
				4756C1AD27BBD4D6005350E7 /* Preview Assets.xcassets */,
			);
			path = "Preview Content";
			sourceTree = "<group>";
		};
		4756C1B627BBD4D6005350E7 /* SwiftUIBootstrapTests */ = {
			isa = PBXGroup;
			children = (
				4756C1B727BBD4D6005350E7 /* SwiftUIBootstrapTests.swift */,
			);
			path = SwiftUIBootstrapTests;
			sourceTree = "<group>";
		};
		4756C1C027BBD4D6005350E7 /* SwiftUIBootstrapUITests */ = {
			isa = PBXGroup;
			children = (
				4756C1C127BBD4D6005350E7 /* SwiftUIBootstrapUITests.swift */,
				4756C1C327BBD4D6005350E7 /* SwiftUIBootstrapUITestsLaunchTests.swift */,
			);
			path = SwiftUIBootstrapUITests;
			sourceTree = "<group>";
		};
		47E8C33B27BC1536005E2315 /* Modules */ = {
			isa = PBXGroup;
			children = (
				88D4112C27BFF85300B566A1 /* Account */,
				88D4113027BFF85300B566A1 /* ApprovedEmail */,
				88D4113227BFF85300B566A1 /* Organization */,
				88D4112927BFF85200B566A1 /* Schdedule */,
				88D4112E27BFF85300B566A1 /* Tabbar */,
				47E8C33C27BC1575005E2315 /* Login */,
			);
			path = Modules;
			sourceTree = "<group>";
		};
		47E8C33C27BC1575005E2315 /* Login */ = {
			isa = PBXGroup;
			children = (
				47E8C34427BC1A26005E2315 /* ViewModel */,
				4740922927BE49D300BD5BF4 /* Model */,
				47E8C34127BC19F8005E2315 /* View */,
				47E8C34727BC1A3E005E2315 /* Repository */,
			);
			path = Login;
			sourceTree = "<group>";
		};
		47E8C34127BC19F8005E2315 /* View */ = {
			isa = PBXGroup;
			children = (
				47E8C33D27BC1597005E2315 /* LoginView.swift */,
			);
			path = View;
			sourceTree = "<group>";
		};
		47E8C34427BC1A26005E2315 /* ViewModel */ = {
			isa = PBXGroup;
			children = (
				47E8C34227BC1A23005E2315 /* LoginViewModel.swift */,
			);
			path = ViewModel;
			sourceTree = "<group>";
		};
		47E8C34727BC1A3E005E2315 /* Repository */ = {
			isa = PBXGroup;
			children = (
				47E8C34527BC1A3B005E2315 /* LoginRepository.swift */,
				4740920E27BD390B00BD5BF4 /* LoginService.swift */,
				4740921027BD3A7300BD5BF4 /* UserStorage.swift */,
			);
			path = Repository;
			sourceTree = "<group>";
		};
		47E8C34A27BC1AB3005E2315 /* Base */ = {
			isa = PBXGroup;
			children = (
				4740922027BE48E200BD5BF4 /* Database */,
				47E8C34B27BC1ABA005E2315 /* Network */,
				472EBE4C27BFDD32007C136B /* AppError */,
			);
			path = Base;
			sourceTree = "<group>";
		};
		47E8C34B27BC1ABA005E2315 /* Network */ = {
			isa = PBXGroup;
			children = (
				47E8C34827BC1AAB005E2315 /* BaseNetworkProtocols.swift */,
				4740920C27BD016900BD5BF4 /* AlamofireServiceProvider.swift */,
				4740922127BE48FD00BD5BF4 /* NetworkError.swift */,
			);
			path = Network;
			sourceTree = "<group>";
		};
		88D4111427BF952600B566A1 /* Constants */ = {
			isa = PBXGroup;
			children = (
				88D4111527BF954400B566A1 /* Strings.swift */,
			);
			path = Constants;
			sourceTree = "<group>";
		};
		88D4112927BFF85200B566A1 /* Schdedule */ = {
			isa = PBXGroup;
			children = (
				88D4112A27BFF85300B566A1 /* View */,
			);
			path = Schdedule;
			sourceTree = "<group>";
		};
		88D4112A27BFF85300B566A1 /* View */ = {
			isa = PBXGroup;
			children = (
				88D4112B27BFF85300B566A1 /* ScheduleView.swift */,
			);
			path = View;
			sourceTree = "<group>";
		};
		88D4112C27BFF85300B566A1 /* Account */ = {
			isa = PBXGroup;
			children = (
				88D4112D27BFF85300B566A1 /* AccountView.swift */,
			);
			path = Account;
			sourceTree = "<group>";
		};
		88D4112E27BFF85300B566A1 /* Tabbar */ = {
			isa = PBXGroup;
			children = (
				88D4112F27BFF85300B566A1 /* TabbarView.swift */,
			);
			path = Tabbar;
			sourceTree = "<group>";
		};
		88D4113027BFF85300B566A1 /* ApprovedEmail */ = {
			isa = PBXGroup;
			children = (
				88D4113127BFF85300B566A1 /* ApprovedEmailView.swift */,
			);
			path = ApprovedEmail;
			sourceTree = "<group>";
		};
		88D4113227BFF85300B566A1 /* Organization */ = {
			isa = PBXGroup;
			children = (
				88D4113327BFF85300B566A1 /* OrganizationView.swift */,
			);
			path = Organization;
			sourceTree = "<group>";
		};
		88D4113927C36C4100B566A1 /* CustomViewModifiers */ = {
			isa = PBXGroup;
			children = (
				88D4113A27C36C9400B566A1 /* HiddenNavigationBar.swift */,
			);
			path = CustomViewModifiers;
			sourceTree = "<group>";
		};
/* End PBXGroup section */

/* Begin PBXNativeTarget section */
		4756C1A227BBD4D2005350E7 /* SwiftUIBootstrap */ = {
			isa = PBXNativeTarget;
			buildConfigurationList = 4756C1C727BBD4D6005350E7 /* Build configuration list for PBXNativeTarget "SwiftUIBootstrap" */;
			buildPhases = (
				AFDEC95046CEBCBF6A243BBD /* [CP] Check Pods Manifest.lock */,
				4756C19F27BBD4D2005350E7 /* Sources */,
				4756C1A027BBD4D2005350E7 /* Frameworks */,
				4756C1A127BBD4D2005350E7 /* Resources */,
				A1917189952FECDB4081FFBD /* [CP] Embed Pods Frameworks */,
			);
			buildRules = (
			);
			dependencies = (
			);
			name = SwiftUIBootstrap;
			productName = SwiftUIBootstrap;
			productReference = 4756C1A327BBD4D2005350E7 /* SwiftUIBootstrap.app */;
			productType = "com.apple.product-type.application";
		};
		4756C1B227BBD4D6005350E7 /* SwiftUIBootstrapTests */ = {
			isa = PBXNativeTarget;
			buildConfigurationList = 4756C1CA27BBD4D6005350E7 /* Build configuration list for PBXNativeTarget "SwiftUIBootstrapTests" */;
			buildPhases = (
				F675EDB25D342D5BBEBA6D88 /* [CP] Check Pods Manifest.lock */,
				4756C1AF27BBD4D6005350E7 /* Sources */,
				4756C1B027BBD4D6005350E7 /* Frameworks */,
				4756C1B127BBD4D6005350E7 /* Resources */,
			);
			buildRules = (
			);
			dependencies = (
				4756C1B527BBD4D6005350E7 /* PBXTargetDependency */,
			);
			name = SwiftUIBootstrapTests;
			productName = SwiftUIBootstrapTests;
			productReference = 4756C1B327BBD4D6005350E7 /* SwiftUIBootstrapTests.xctest */;
			productType = "com.apple.product-type.bundle.unit-test";
		};
		4756C1BC27BBD4D6005350E7 /* SwiftUIBootstrapUITests */ = {
			isa = PBXNativeTarget;
			buildConfigurationList = 4756C1CD27BBD4D6005350E7 /* Build configuration list for PBXNativeTarget "SwiftUIBootstrapUITests" */;
			buildPhases = (
				0C862A5BE9B6A254BAC26CDD /* [CP] Check Pods Manifest.lock */,
				4756C1B927BBD4D6005350E7 /* Sources */,
				4756C1BA27BBD4D6005350E7 /* Frameworks */,
				4756C1BB27BBD4D6005350E7 /* Resources */,
				A11FB3333454927876780F0A /* [CP] Embed Pods Frameworks */,
			);
			buildRules = (
			);
			dependencies = (
				4756C1BF27BBD4D6005350E7 /* PBXTargetDependency */,
			);
			name = SwiftUIBootstrapUITests;
			productName = SwiftUIBootstrapUITests;
			productReference = 4756C1BD27BBD4D6005350E7 /* SwiftUIBootstrapUITests.xctest */;
			productType = "com.apple.product-type.bundle.ui-testing";
		};
/* End PBXNativeTarget section */

/* Begin PBXProject section */
		4756C19B27BBD4D1005350E7 /* Project object */ = {
			isa = PBXProject;
			attributes = {
				BuildIndependentTargetsInParallel = 1;
				LastSwiftUpdateCheck = 1320;
				LastUpgradeCheck = 1320;
				TargetAttributes = {
					4756C1A227BBD4D2005350E7 = {
						CreatedOnToolsVersion = 13.2.1;
					};
					4756C1B227BBD4D6005350E7 = {
						CreatedOnToolsVersion = 13.2.1;
						TestTargetID = 4756C1A227BBD4D2005350E7;
					};
					4756C1BC27BBD4D6005350E7 = {
						CreatedOnToolsVersion = 13.2.1;
						TestTargetID = 4756C1A227BBD4D2005350E7;
					};
				};
			};
			buildConfigurationList = 4756C19E27BBD4D1005350E7 /* Build configuration list for PBXProject "SwiftUIBootstrap" */;
			compatibilityVersion = "Xcode 13.0";
			developmentRegion = en;
			hasScannedForEncodings = 0;
			knownRegions = (
				en,
				Base,
			);
			mainGroup = 4756C19A27BBD4D1005350E7;
			productRefGroup = 4756C1A427BBD4D2005350E7 /* Products */;
			projectDirPath = "";
			projectRoot = "";
			targets = (
				4756C1A227BBD4D2005350E7 /* SwiftUIBootstrap */,
				4756C1B227BBD4D6005350E7 /* SwiftUIBootstrapTests */,
				4756C1BC27BBD4D6005350E7 /* SwiftUIBootstrapUITests */,
			);
		};
/* End PBXProject section */

/* Begin PBXResourcesBuildPhase section */
		4756C1A127BBD4D2005350E7 /* Resources */ = {
			isa = PBXResourcesBuildPhase;
			buildActionMask = 2147483647;
			files = (
				4756C1AE27BBD4D6005350E7 /* Preview Assets.xcassets in Resources */,
				4756C1AB27BBD4D6005350E7 /* Assets.xcassets in Resources */,
			);
			runOnlyForDeploymentPostprocessing = 0;
		};
		4756C1B127BBD4D6005350E7 /* Resources */ = {
			isa = PBXResourcesBuildPhase;
			buildActionMask = 2147483647;
			files = (
			);
			runOnlyForDeploymentPostprocessing = 0;
		};
		4756C1BB27BBD4D6005350E7 /* Resources */ = {
			isa = PBXResourcesBuildPhase;
			buildActionMask = 2147483647;
			files = (
			);
			runOnlyForDeploymentPostprocessing = 0;
		};
/* End PBXResourcesBuildPhase section */

/* Begin PBXShellScriptBuildPhase section */
		0C862A5BE9B6A254BAC26CDD /* [CP] Check Pods Manifest.lock */ = {
			isa = PBXShellScriptBuildPhase;
			buildActionMask = 2147483647;
			files = (
			);
			inputFileListPaths = (
			);
			inputPaths = (
				"${PODS_PODFILE_DIR_PATH}/Podfile.lock",
				"${PODS_ROOT}/Manifest.lock",
			);
			name = "[CP] Check Pods Manifest.lock";
			outputFileListPaths = (
			);
			outputPaths = (
				"$(DERIVED_FILE_DIR)/Pods-SwiftUIBootstrap-SwiftUIBootstrapUITests-checkManifestLockResult.txt",
			);
			runOnlyForDeploymentPostprocessing = 0;
			shellPath = /bin/sh;
			shellScript = "diff \"${PODS_PODFILE_DIR_PATH}/Podfile.lock\" \"${PODS_ROOT}/Manifest.lock\" > /dev/null\nif [ $? != 0 ] ; then\n    # print error to STDERR\n    echo \"error: The sandbox is not in sync with the Podfile.lock. Run 'pod install' or update your CocoaPods installation.\" >&2\n    exit 1\nfi\n# This output is used by Xcode 'outputs' to avoid re-running this script phase.\necho \"SUCCESS\" > \"${SCRIPT_OUTPUT_FILE_0}\"\n";
			showEnvVarsInLog = 0;
		};
		A11FB3333454927876780F0A /* [CP] Embed Pods Frameworks */ = {
			isa = PBXShellScriptBuildPhase;
			buildActionMask = 2147483647;
			files = (
			);
			inputFileListPaths = (
				"${PODS_ROOT}/Target Support Files/Pods-SwiftUIBootstrap-SwiftUIBootstrapUITests/Pods-SwiftUIBootstrap-SwiftUIBootstrapUITests-frameworks-${CONFIGURATION}-input-files.xcfilelist",
			);
			name = "[CP] Embed Pods Frameworks";
			outputFileListPaths = (
				"${PODS_ROOT}/Target Support Files/Pods-SwiftUIBootstrap-SwiftUIBootstrapUITests/Pods-SwiftUIBootstrap-SwiftUIBootstrapUITests-frameworks-${CONFIGURATION}-output-files.xcfilelist",
			);
			runOnlyForDeploymentPostprocessing = 0;
			shellPath = /bin/sh;
			shellScript = "\"${PODS_ROOT}/Target Support Files/Pods-SwiftUIBootstrap-SwiftUIBootstrapUITests/Pods-SwiftUIBootstrap-SwiftUIBootstrapUITests-frameworks.sh\"\n";
			showEnvVarsInLog = 0;
		};
		A1917189952FECDB4081FFBD /* [CP] Embed Pods Frameworks */ = {
			isa = PBXShellScriptBuildPhase;
			buildActionMask = 2147483647;
			files = (
			);
			inputFileListPaths = (
				"${PODS_ROOT}/Target Support Files/Pods-SwiftUIBootstrap/Pods-SwiftUIBootstrap-frameworks-${CONFIGURATION}-input-files.xcfilelist",
			);
			name = "[CP] Embed Pods Frameworks";
			outputFileListPaths = (
				"${PODS_ROOT}/Target Support Files/Pods-SwiftUIBootstrap/Pods-SwiftUIBootstrap-frameworks-${CONFIGURATION}-output-files.xcfilelist",
			);
			runOnlyForDeploymentPostprocessing = 0;
			shellPath = /bin/sh;
			shellScript = "\"${PODS_ROOT}/Target Support Files/Pods-SwiftUIBootstrap/Pods-SwiftUIBootstrap-frameworks.sh\"\n";
			showEnvVarsInLog = 0;
		};
		AFDEC95046CEBCBF6A243BBD /* [CP] Check Pods Manifest.lock */ = {
			isa = PBXShellScriptBuildPhase;
			buildActionMask = 2147483647;
			files = (
			);
			inputFileListPaths = (
			);
			inputPaths = (
				"${PODS_PODFILE_DIR_PATH}/Podfile.lock",
				"${PODS_ROOT}/Manifest.lock",
			);
			name = "[CP] Check Pods Manifest.lock";
			outputFileListPaths = (
			);
			outputPaths = (
				"$(DERIVED_FILE_DIR)/Pods-SwiftUIBootstrap-checkManifestLockResult.txt",
			);
			runOnlyForDeploymentPostprocessing = 0;
			shellPath = /bin/sh;
			shellScript = "diff \"${PODS_PODFILE_DIR_PATH}/Podfile.lock\" \"${PODS_ROOT}/Manifest.lock\" > /dev/null\nif [ $? != 0 ] ; then\n    # print error to STDERR\n    echo \"error: The sandbox is not in sync with the Podfile.lock. Run 'pod install' or update your CocoaPods installation.\" >&2\n    exit 1\nfi\n# This output is used by Xcode 'outputs' to avoid re-running this script phase.\necho \"SUCCESS\" > \"${SCRIPT_OUTPUT_FILE_0}\"\n";
			showEnvVarsInLog = 0;
		};
		F675EDB25D342D5BBEBA6D88 /* [CP] Check Pods Manifest.lock */ = {
			isa = PBXShellScriptBuildPhase;
			buildActionMask = 2147483647;
			files = (
			);
			inputFileListPaths = (
			);
			inputPaths = (
				"${PODS_PODFILE_DIR_PATH}/Podfile.lock",
				"${PODS_ROOT}/Manifest.lock",
			);
			name = "[CP] Check Pods Manifest.lock";
			outputFileListPaths = (
			);
			outputPaths = (
				"$(DERIVED_FILE_DIR)/Pods-SwiftUIBootstrapTests-checkManifestLockResult.txt",
			);
			runOnlyForDeploymentPostprocessing = 0;
			shellPath = /bin/sh;
			shellScript = "diff \"${PODS_PODFILE_DIR_PATH}/Podfile.lock\" \"${PODS_ROOT}/Manifest.lock\" > /dev/null\nif [ $? != 0 ] ; then\n    # print error to STDERR\n    echo \"error: The sandbox is not in sync with the Podfile.lock. Run 'pod install' or update your CocoaPods installation.\" >&2\n    exit 1\nfi\n# This output is used by Xcode 'outputs' to avoid re-running this script phase.\necho \"SUCCESS\" > \"${SCRIPT_OUTPUT_FILE_0}\"\n";
			showEnvVarsInLog = 0;
		};
/* End PBXShellScriptBuildPhase section */

/* Begin PBXSourcesBuildPhase section */
		4756C19F27BBD4D2005350E7 /* Sources */ = {
			isa = PBXSourcesBuildPhase;
			buildActionMask = 2147483647;
			files = (
				4740921327BD3AC300BD5BF4 /* BaseRepositoryProtocols.swift in Sources */,
				88D4113B27C36C9400B566A1 /* HiddenNavigationBar.swift in Sources */,
				4740921127BD3A7300BD5BF4 /* UserStorage.swift in Sources */,
				4740921A27BD5E8400BD5BF4 /* BaseDatabaseStorage.swift in Sources */,
				4740922B27BE4BC400BD5BF4 /* CodableExtension.swift in Sources */,
				47E8C34627BC1A3B005E2315 /* LoginRepository.swift in Sources */,
				4740922827BE49CA00BD5BF4 /* Support.swift in Sources */,
				4740922227BE48FD00BD5BF4 /* NetworkError.swift in Sources */,
				47E8C34327BC1A23005E2315 /* LoginViewModel.swift in Sources */,
				88D4113627BFF85300B566A1 /* TabbarView.swift in Sources */,
				88D4113427BFF85300B566A1 /* ScheduleView.swift in Sources */,
				88D4113827BFF85300B566A1 /* OrganizationView.swift in Sources */,
				88D4113727BFF85300B566A1 /* ApprovedEmailView.swift in Sources */,
				47E8C34027BC19A7005E2315 /* AppDelegate.swift in Sources */,
				4740922727BE49CA00BD5BF4 /* User.swift in Sources */,
				4740921727BD5D3700BD5BF4 /* Envoirnment.swift in Sources */,
				88D4113527BFF85300B566A1 /* AccountView.swift in Sources */,
				47E8C34927BC1AAB005E2315 /* BaseNetworkProtocols.swift in Sources */,
				472EBE4B27BFDD2E007C136B /* AppErrors.swift in Sources */,
				47E8C33E27BC1597005E2315 /* LoginView.swift in Sources */,
				88D4111627BF954500B566A1 /* Strings.swift in Sources */,
				4756C1A727BBD4D2005350E7 /* SwiftUIBootstrapApp.swift in Sources */,
				4740920D27BD016900BD5BF4 /* AlamofireServiceProvider.swift in Sources */,
				4740922627BE49CA00BD5BF4 /* UserResponse.swift in Sources */,
				4740921C27BD64FC00BD5BF4 /* RealmContextManager.swift in Sources */,
				4740921E27BE48B800BD5BF4 /* StringExtensions.swift in Sources */,
				4740921527BD3ADD00BD5BF4 /* BaseStorageProtocols.swift in Sources */,
				4740920F27BD390B00BD5BF4 /* LoginService.swift in Sources */,
			);
			runOnlyForDeploymentPostprocessing = 0;
		};
		4756C1AF27BBD4D6005350E7 /* Sources */ = {
			isa = PBXSourcesBuildPhase;
			buildActionMask = 2147483647;
			files = (
				4756C1B827BBD4D6005350E7 /* SwiftUIBootstrapTests.swift in Sources */,
			);
			runOnlyForDeploymentPostprocessing = 0;
		};
		4756C1B927BBD4D6005350E7 /* Sources */ = {
			isa = PBXSourcesBuildPhase;
			buildActionMask = 2147483647;
			files = (
				4756C1C227BBD4D6005350E7 /* SwiftUIBootstrapUITests.swift in Sources */,
				4756C1C427BBD4D6005350E7 /* SwiftUIBootstrapUITestsLaunchTests.swift in Sources */,
			);
			runOnlyForDeploymentPostprocessing = 0;
		};
/* End PBXSourcesBuildPhase section */

/* Begin PBXTargetDependency section */
		4756C1B527BBD4D6005350E7 /* PBXTargetDependency */ = {
			isa = PBXTargetDependency;
			target = 4756C1A227BBD4D2005350E7 /* SwiftUIBootstrap */;
			targetProxy = 4756C1B427BBD4D6005350E7 /* PBXContainerItemProxy */;
		};
		4756C1BF27BBD4D6005350E7 /* PBXTargetDependency */ = {
			isa = PBXTargetDependency;
			target = 4756C1A227BBD4D2005350E7 /* SwiftUIBootstrap */;
			targetProxy = 4756C1BE27BBD4D6005350E7 /* PBXContainerItemProxy */;
		};
/* End PBXTargetDependency section */

/* Begin XCBuildConfiguration section */
		4756C1C527BBD4D6005350E7 /* Debug */ = {
			isa = XCBuildConfiguration;
			buildSettings = {
				ALWAYS_SEARCH_USER_PATHS = NO;
				CLANG_ANALYZER_NONNULL = YES;
				CLANG_ANALYZER_NUMBER_OBJECT_CONVERSION = YES_AGGRESSIVE;
				CLANG_CXX_LANGUAGE_STANDARD = "gnu++17";
				CLANG_CXX_LIBRARY = "libc++";
				CLANG_ENABLE_MODULES = YES;
				CLANG_ENABLE_OBJC_ARC = YES;
				CLANG_ENABLE_OBJC_WEAK = YES;
				CLANG_WARN_BLOCK_CAPTURE_AUTORELEASING = YES;
				CLANG_WARN_BOOL_CONVERSION = YES;
				CLANG_WARN_COMMA = YES;
				CLANG_WARN_CONSTANT_CONVERSION = YES;
				CLANG_WARN_DEPRECATED_OBJC_IMPLEMENTATIONS = YES;
				CLANG_WARN_DIRECT_OBJC_ISA_USAGE = YES_ERROR;
				CLANG_WARN_DOCUMENTATION_COMMENTS = YES;
				CLANG_WARN_EMPTY_BODY = YES;
				CLANG_WARN_ENUM_CONVERSION = YES;
				CLANG_WARN_INFINITE_RECURSION = YES;
				CLANG_WARN_INT_CONVERSION = YES;
				CLANG_WARN_NON_LITERAL_NULL_CONVERSION = YES;
				CLANG_WARN_OBJC_IMPLICIT_RETAIN_SELF = YES;
				CLANG_WARN_OBJC_LITERAL_CONVERSION = YES;
				CLANG_WARN_OBJC_ROOT_CLASS = YES_ERROR;
				CLANG_WARN_QUOTED_INCLUDE_IN_FRAMEWORK_HEADER = YES;
				CLANG_WARN_RANGE_LOOP_ANALYSIS = YES;
				CLANG_WARN_STRICT_PROTOTYPES = YES;
				CLANG_WARN_SUSPICIOUS_MOVE = YES;
				CLANG_WARN_UNGUARDED_AVAILABILITY = YES_AGGRESSIVE;
				CLANG_WARN_UNREACHABLE_CODE = YES;
				CLANG_WARN__DUPLICATE_METHOD_MATCH = YES;
				COPY_PHASE_STRIP = NO;
				DEBUG_INFORMATION_FORMAT = dwarf;
				ENABLE_STRICT_OBJC_MSGSEND = YES;
				ENABLE_TESTABILITY = YES;
				GCC_C_LANGUAGE_STANDARD = gnu11;
				GCC_DYNAMIC_NO_PIC = NO;
				GCC_NO_COMMON_BLOCKS = YES;
				GCC_OPTIMIZATION_LEVEL = 0;
				GCC_PREPROCESSOR_DEFINITIONS = (
					"DEBUG=1",
					"$(inherited)",
				);
				GCC_WARN_64_TO_32_BIT_CONVERSION = YES;
				GCC_WARN_ABOUT_RETURN_TYPE = YES_ERROR;
				GCC_WARN_UNDECLARED_SELECTOR = YES;
				GCC_WARN_UNINITIALIZED_AUTOS = YES_AGGRESSIVE;
				GCC_WARN_UNUSED_FUNCTION = YES;
				GCC_WARN_UNUSED_VARIABLE = YES;
				IPHONEOS_DEPLOYMENT_TARGET = 15.2;
				MTL_ENABLE_DEBUG_INFO = INCLUDE_SOURCE;
				MTL_FAST_MATH = YES;
				ONLY_ACTIVE_ARCH = YES;
				SDKROOT = iphoneos;
				SWIFT_ACTIVE_COMPILATION_CONDITIONS = DEBUG;
				SWIFT_OPTIMIZATION_LEVEL = "-Onone";
			};
			name = Debug;
		};
		4756C1C627BBD4D6005350E7 /* Release */ = {
			isa = XCBuildConfiguration;
			buildSettings = {
				ALWAYS_SEARCH_USER_PATHS = NO;
				CLANG_ANALYZER_NONNULL = YES;
				CLANG_ANALYZER_NUMBER_OBJECT_CONVERSION = YES_AGGRESSIVE;
				CLANG_CXX_LANGUAGE_STANDARD = "gnu++17";
				CLANG_CXX_LIBRARY = "libc++";
				CLANG_ENABLE_MODULES = YES;
				CLANG_ENABLE_OBJC_ARC = YES;
				CLANG_ENABLE_OBJC_WEAK = YES;
				CLANG_WARN_BLOCK_CAPTURE_AUTORELEASING = YES;
				CLANG_WARN_BOOL_CONVERSION = YES;
				CLANG_WARN_COMMA = YES;
				CLANG_WARN_CONSTANT_CONVERSION = YES;
				CLANG_WARN_DEPRECATED_OBJC_IMPLEMENTATIONS = YES;
				CLANG_WARN_DIRECT_OBJC_ISA_USAGE = YES_ERROR;
				CLANG_WARN_DOCUMENTATION_COMMENTS = YES;
				CLANG_WARN_EMPTY_BODY = YES;
				CLANG_WARN_ENUM_CONVERSION = YES;
				CLANG_WARN_INFINITE_RECURSION = YES;
				CLANG_WARN_INT_CONVERSION = YES;
				CLANG_WARN_NON_LITERAL_NULL_CONVERSION = YES;
				CLANG_WARN_OBJC_IMPLICIT_RETAIN_SELF = YES;
				CLANG_WARN_OBJC_LITERAL_CONVERSION = YES;
				CLANG_WARN_OBJC_ROOT_CLASS = YES_ERROR;
				CLANG_WARN_QUOTED_INCLUDE_IN_FRAMEWORK_HEADER = YES;
				CLANG_WARN_RANGE_LOOP_ANALYSIS = YES;
				CLANG_WARN_STRICT_PROTOTYPES = YES;
				CLANG_WARN_SUSPICIOUS_MOVE = YES;
				CLANG_WARN_UNGUARDED_AVAILABILITY = YES_AGGRESSIVE;
				CLANG_WARN_UNREACHABLE_CODE = YES;
				CLANG_WARN__DUPLICATE_METHOD_MATCH = YES;
				COPY_PHASE_STRIP = NO;
				DEBUG_INFORMATION_FORMAT = "dwarf-with-dsym";
				ENABLE_NS_ASSERTIONS = NO;
				ENABLE_STRICT_OBJC_MSGSEND = YES;
				GCC_C_LANGUAGE_STANDARD = gnu11;
				GCC_NO_COMMON_BLOCKS = YES;
				GCC_WARN_64_TO_32_BIT_CONVERSION = YES;
				GCC_WARN_ABOUT_RETURN_TYPE = YES_ERROR;
				GCC_WARN_UNDECLARED_SELECTOR = YES;
				GCC_WARN_UNINITIALIZED_AUTOS = YES_AGGRESSIVE;
				GCC_WARN_UNUSED_FUNCTION = YES;
				GCC_WARN_UNUSED_VARIABLE = YES;
				IPHONEOS_DEPLOYMENT_TARGET = 15.2;
				MTL_ENABLE_DEBUG_INFO = NO;
				MTL_FAST_MATH = YES;
				SDKROOT = iphoneos;
				SWIFT_COMPILATION_MODE = wholemodule;
				SWIFT_OPTIMIZATION_LEVEL = "-O";
				VALIDATE_PRODUCT = YES;
			};
			name = Release;
		};
		4756C1C827BBD4D6005350E7 /* Debug */ = {
			isa = XCBuildConfiguration;
			baseConfigurationReference = DC5162D7AE6FAF3CAB81667A /* Pods-SwiftUIBootstrap.debug.xcconfig */;
			buildSettings = {
				ASSETCATALOG_COMPILER_APPICON_NAME = AppIcon;
				ASSETCATALOG_COMPILER_GLOBAL_ACCENT_COLOR_NAME = AccentColor;
				CODE_SIGN_IDENTITY = "Apple Development";
				CODE_SIGN_STYLE = Automatic;
				CURRENT_PROJECT_VERSION = 1;
				DEVELOPMENT_ASSET_PATHS = "\"SwiftUIBootstrap/Preview Content\"";
				DEVELOPMENT_TEAM = "";
				ENABLE_PREVIEWS = YES;
				GENERATE_INFOPLIST_FILE = YES;
				INFOPLIST_KEY_UIApplicationSceneManifest_Generation = YES;
				INFOPLIST_KEY_UIApplicationSupportsIndirectInputEvents = YES;
				INFOPLIST_KEY_UILaunchScreen_Generation = YES;
				INFOPLIST_KEY_UISupportedInterfaceOrientations_iPad = "UIInterfaceOrientationPortrait UIInterfaceOrientationPortraitUpsideDown UIInterfaceOrientationLandscapeLeft UIInterfaceOrientationLandscapeRight";
				INFOPLIST_KEY_UISupportedInterfaceOrientations_iPhone = "UIInterfaceOrientationPortrait UIInterfaceOrientationLandscapeLeft UIInterfaceOrientationLandscapeRight";
				IPHONEOS_DEPLOYMENT_TARGET = 14.0;
				LD_RUNPATH_SEARCH_PATHS = (
					"$(inherited)",
					"@executable_path/Frameworks",
				);
				MARKETING_VERSION = 1.0;
				PRODUCT_BUNDLE_IDENTIFIER = com.10pearls.SwiftUIBootstrap;
				PRODUCT_NAME = "$(TARGET_NAME)";
				PROVISIONING_PROFILE_SPECIFIER = "";
				SWIFT_EMIT_LOC_STRINGS = YES;
				SWIFT_VERSION = 5.0;
				TARGETED_DEVICE_FAMILY = "1,2";
			};
			name = Debug;
		};
		4756C1C927BBD4D6005350E7 /* Release */ = {
			isa = XCBuildConfiguration;
			baseConfigurationReference = 88E5AC6B2820685FE3D6404C /* Pods-SwiftUIBootstrap.release.xcconfig */;
			buildSettings = {
				ASSETCATALOG_COMPILER_APPICON_NAME = AppIcon;
				ASSETCATALOG_COMPILER_GLOBAL_ACCENT_COLOR_NAME = AccentColor;
				CODE_SIGN_STYLE = Automatic;
				CURRENT_PROJECT_VERSION = 1;
				DEVELOPMENT_ASSET_PATHS = "\"SwiftUIBootstrap/Preview Content\"";
				DEVELOPMENT_TEAM = 6QWJKNHZ5C;
				ENABLE_PREVIEWS = YES;
				GENERATE_INFOPLIST_FILE = YES;
				INFOPLIST_KEY_UIApplicationSceneManifest_Generation = YES;
				INFOPLIST_KEY_UIApplicationSupportsIndirectInputEvents = YES;
				INFOPLIST_KEY_UILaunchScreen_Generation = YES;
				INFOPLIST_KEY_UISupportedInterfaceOrientations_iPad = "UIInterfaceOrientationPortrait UIInterfaceOrientationPortraitUpsideDown UIInterfaceOrientationLandscapeLeft UIInterfaceOrientationLandscapeRight";
				INFOPLIST_KEY_UISupportedInterfaceOrientations_iPhone = "UIInterfaceOrientationPortrait UIInterfaceOrientationLandscapeLeft UIInterfaceOrientationLandscapeRight";
				IPHONEOS_DEPLOYMENT_TARGET = 14.0;
				LD_RUNPATH_SEARCH_PATHS = (
					"$(inherited)",
					"@executable_path/Frameworks",
				);
				MARKETING_VERSION = 1.0;
				PRODUCT_BUNDLE_IDENTIFIER = com.10pearls.SwiftUIBootstrap;
				PRODUCT_NAME = "$(TARGET_NAME)";
				SWIFT_EMIT_LOC_STRINGS = YES;
				SWIFT_VERSION = 5.0;
				TARGETED_DEVICE_FAMILY = "1,2";
			};
			name = Release;
		};
		4756C1CB27BBD4D6005350E7 /* Debug */ = {
			isa = XCBuildConfiguration;
			baseConfigurationReference = CB97A91DA44C6A167872DE69 /* Pods-SwiftUIBootstrapTests.debug.xcconfig */;
			buildSettings = {
				ALWAYS_EMBED_SWIFT_STANDARD_LIBRARIES = YES;
				BUNDLE_LOADER = "$(TEST_HOST)";
				CODE_SIGN_STYLE = Automatic;
				CURRENT_PROJECT_VERSION = 1;
				GENERATE_INFOPLIST_FILE = YES;
				IPHONEOS_DEPLOYMENT_TARGET = 15.2;
				MARKETING_VERSION = 1.0;
				PRODUCT_BUNDLE_IDENTIFIER = com.10pearls.SwiftUIBootstrapTests;
				PRODUCT_NAME = "$(TARGET_NAME)";
				SWIFT_EMIT_LOC_STRINGS = NO;
				SWIFT_VERSION = 5.0;
				TARGETED_DEVICE_FAMILY = "1,2";
				TEST_HOST = "$(BUILT_PRODUCTS_DIR)/SwiftUIBootstrap.app/SwiftUIBootstrap";
			};
			name = Debug;
		};
		4756C1CC27BBD4D6005350E7 /* Release */ = {
			isa = XCBuildConfiguration;
			baseConfigurationReference = 28F3AD3B58D2A56A644AD5E1 /* Pods-SwiftUIBootstrapTests.release.xcconfig */;
			buildSettings = {
				ALWAYS_EMBED_SWIFT_STANDARD_LIBRARIES = YES;
				BUNDLE_LOADER = "$(TEST_HOST)";
				CODE_SIGN_STYLE = Automatic;
				CURRENT_PROJECT_VERSION = 1;
				GENERATE_INFOPLIST_FILE = YES;
				IPHONEOS_DEPLOYMENT_TARGET = 15.2;
				MARKETING_VERSION = 1.0;
				PRODUCT_BUNDLE_IDENTIFIER = com.10pearls.SwiftUIBootstrapTests;
				PRODUCT_NAME = "$(TARGET_NAME)";
				SWIFT_EMIT_LOC_STRINGS = NO;
				SWIFT_VERSION = 5.0;
				TARGETED_DEVICE_FAMILY = "1,2";
				TEST_HOST = "$(BUILT_PRODUCTS_DIR)/SwiftUIBootstrap.app/SwiftUIBootstrap";
			};
			name = Release;
		};
		4756C1CE27BBD4D6005350E7 /* Debug */ = {
			isa = XCBuildConfiguration;
			baseConfigurationReference = C7E55D5DD2B5C7C1B33C3E77 /* Pods-SwiftUIBootstrap-SwiftUIBootstrapUITests.debug.xcconfig */;
			buildSettings = {
				ALWAYS_EMBED_SWIFT_STANDARD_LIBRARIES = YES;
				CODE_SIGN_STYLE = Automatic;
				CURRENT_PROJECT_VERSION = 1;
				GENERATE_INFOPLIST_FILE = YES;
				MARKETING_VERSION = 1.0;
				PRODUCT_BUNDLE_IDENTIFIER = com.10pearls.SwiftUIBootstrapUITests;
				PRODUCT_NAME = "$(TARGET_NAME)";
				SWIFT_EMIT_LOC_STRINGS = NO;
				SWIFT_VERSION = 5.0;
				TARGETED_DEVICE_FAMILY = "1,2";
				TEST_TARGET_NAME = SwiftUIBootstrap;
			};
			name = Debug;
		};
		4756C1CF27BBD4D6005350E7 /* Release */ = {
			isa = XCBuildConfiguration;
			baseConfigurationReference = D07D2D5A81A273034014B2CA /* Pods-SwiftUIBootstrap-SwiftUIBootstrapUITests.release.xcconfig */;
			buildSettings = {
				ALWAYS_EMBED_SWIFT_STANDARD_LIBRARIES = YES;
				CODE_SIGN_STYLE = Automatic;
				CURRENT_PROJECT_VERSION = 1;
				GENERATE_INFOPLIST_FILE = YES;
				MARKETING_VERSION = 1.0;
				PRODUCT_BUNDLE_IDENTIFIER = com.10pearls.SwiftUIBootstrapUITests;
				PRODUCT_NAME = "$(TARGET_NAME)";
				SWIFT_EMIT_LOC_STRINGS = NO;
				SWIFT_VERSION = 5.0;
				TARGETED_DEVICE_FAMILY = "1,2";
				TEST_TARGET_NAME = SwiftUIBootstrap;
			};
			name = Release;
		};
/* End XCBuildConfiguration section */

/* Begin XCConfigurationList section */
		4756C19E27BBD4D1005350E7 /* Build configuration list for PBXProject "SwiftUIBootstrap" */ = {
			isa = XCConfigurationList;
			buildConfigurations = (
				4756C1C527BBD4D6005350E7 /* Debug */,
				4756C1C627BBD4D6005350E7 /* Release */,
			);
			defaultConfigurationIsVisible = 0;
			defaultConfigurationName = Release;
		};
		4756C1C727BBD4D6005350E7 /* Build configuration list for PBXNativeTarget "SwiftUIBootstrap" */ = {
			isa = XCConfigurationList;
			buildConfigurations = (
				4756C1C827BBD4D6005350E7 /* Debug */,
				4756C1C927BBD4D6005350E7 /* Release */,
			);
			defaultConfigurationIsVisible = 0;
			defaultConfigurationName = Release;
		};
		4756C1CA27BBD4D6005350E7 /* Build configuration list for PBXNativeTarget "SwiftUIBootstrapTests" */ = {
			isa = XCConfigurationList;
			buildConfigurations = (
				4756C1CB27BBD4D6005350E7 /* Debug */,
				4756C1CC27BBD4D6005350E7 /* Release */,
			);
			defaultConfigurationIsVisible = 0;
			defaultConfigurationName = Release;
		};
		4756C1CD27BBD4D6005350E7 /* Build configuration list for PBXNativeTarget "SwiftUIBootstrapUITests" */ = {
			isa = XCConfigurationList;
			buildConfigurations = (
				4756C1CE27BBD4D6005350E7 /* Debug */,
				4756C1CF27BBD4D6005350E7 /* Release */,
			);
			defaultConfigurationIsVisible = 0;
			defaultConfigurationName = Release;
		};
/* End XCConfigurationList section */
	};
	rootObject = 4756C19B27BBD4D1005350E7 /* Project object */;
}
